
Microsoft Visual Studio Solution File, Format Version 12.00
# Visual Studio 15
VisualStudioVersion = 15.0.26403.7
MinimumVisualStudioVersion = 10.0.40219.1
Project("{FAE04EC0-301F-11D3-BF4B-00C04F79EFBC}") = "Webshop_killerApp_SE2", "Webshop_killerApp_SE2\Webshop_killerApp_SE2.csproj", "{26A34E28-BA38-419B-90C0-DFB51887E88E}"
EndProject
Project("{FAE04EC0-301F-11D3-BF4B-00C04F79EFBC}") = "WebShopLibrary", "WebShopLibrary\WebShopLibrary.csproj", "{71D55D00-C51E-42EE-BA37-8D1ED03AB027}"
EndProject
Global
	GlobalSection(SolutionConfigurationPlatforms) = preSolution
		Debug|Any CPU = Debug|Any CPU
		Release|Any CPU = Release|Any CPU
	EndGlobalSection
	GlobalSection(ProjectConfigurationPlatforms) = postSolution
		{26A34E28-BA38-419B-90C0-DFB51887E88E}.Debug|Any CPU.ActiveCfg = Debug|Any CPU
		{26A34E28-BA38-419B-90C0-DFB51887E88E}.Debug|Any CPU.Build.0 = Debug|Any CPU
		{26A34E28-BA38-419B-90C0-DFB51887E88E}.Release|Any CPU.ActiveCfg = Release|Any CPU
		{26A34E28-BA38-419B-90C0-DFB51887E88E}.Release|Any CPU.Build.0 = Release|Any CPU
		{71D55D00-C51E-42EE-BA37-8D1ED03AB027}.Debug|Any CPU.ActiveCfg = Debug|Any CPU
		{71D55D00-C51E-42EE-BA37-8D1ED03AB027}.Debug|Any CPU.Build.0 = Debug|Any CPU
		{71D55D00-C51E-42EE-BA37-8D1ED03AB027}.Release|Any CPU.ActiveCfg = Release|Any CPU
		{71D55D00-C51E-42EE-BA37-8D1ED03AB027}.Release|Any CPU.Build.0 = Release|Any CPU
	EndGlobalSection
	GlobalSection(SolutionProperties) = preSolution
		HideSolutionNode = FALSE
	EndGlobalSection
EndGlobal
